<?xml version="1.0" encoding="UTF-8"?>
<Scheme
<<<<<<< Updated upstream
   LastUpgradeVersion = "1430"
=======
   LastUpgradeVersion = "1500"
>>>>>>> Stashed changes
   version = "2.2">
   <BuildAction
      parallelizeBuildables = "YES"
      buildImplicitDependencies = "YES">
      <BuildActionEntries>
         <BuildActionEntry
            buildForTesting = "YES"
            buildForRunning = "YES"
            buildForProfiling = "YES"
            buildForArchiving = "YES"
            buildForAnalyzing = "YES">
            <AutocreatedTestPlanReference>
            </AutocreatedTestPlanReference>
         </BuildActionEntry>
         <BuildActionEntry
<<<<<<< Updated upstream
            buildForTesting = "NO"
            buildForRunning = "YES"
            buildForProfiling = "YES"
            buildForArchiving = "YES"
            buildForAnalyzing = "NO">
=======
            buildForTesting = "YES"
            buildForRunning = "YES"
            buildForProfiling = "YES"
            buildForArchiving = "YES"
            buildForAnalyzing = "YES">
>>>>>>> Stashed changes
            <BuildableReference
               BuildableIdentifier = "primary"
               BlueprintIdentifier = "E0FD2D452ABA6BF60007A195"
               BuildableName = "SafeGo.app"
               BlueprintName = "SafeGo"
               ReferencedContainer = "container:SafeGo.xcodeproj">
            </BuildableReference>
         </BuildActionEntry>
      </BuildActionEntries>
   </BuildAction>
   <TestAction
      buildConfiguration = "Debug"
      selectedDebuggerIdentifier = "Xcode.DebuggerFoundation.Debugger.LLDB"
      selectedLauncherIdentifier = "Xcode.DebuggerFoundation.Launcher.LLDB"
      shouldUseLaunchSchemeArgsEnv = "YES"
      shouldAutocreateTestPlan = "YES">
   </TestAction>
   <LaunchAction
      buildConfiguration = "Debug"
      selectedDebuggerIdentifier = "Xcode.DebuggerFoundation.Debugger.LLDB"
      selectedLauncherIdentifier = "Xcode.DebuggerFoundation.Launcher.LLDB"
      launchStyle = "0"
      useCustomWorkingDirectory = "NO"
      ignoresPersistentStateOnLaunch = "NO"
      debugDocumentVersioning = "YES"
      debugServiceExtension = "internal"
      allowLocationSimulation = "YES">
<<<<<<< Updated upstream
      <MacroExpansion>
=======
      <BuildableProductRunnable
         runnableDebuggingMode = "0">
>>>>>>> Stashed changes
         <BuildableReference
            BuildableIdentifier = "primary"
            BlueprintIdentifier = "E0FD2D452ABA6BF60007A195"
            BuildableName = "SafeGo.app"
            BlueprintName = "SafeGo"
            ReferencedContainer = "container:SafeGo.xcodeproj">
         </BuildableReference>
<<<<<<< Updated upstream
      </MacroExpansion>
=======
      </BuildableProductRunnable>
>>>>>>> Stashed changes
   </LaunchAction>
   <ProfileAction
      buildConfiguration = "Release"
      shouldUseLaunchSchemeArgsEnv = "YES"
      savedToolIdentifier = ""
      useCustomWorkingDirectory = "NO"
      debugDocumentVersioning = "YES">
<<<<<<< Updated upstream
      <MacroExpansion>
=======
      <BuildableProductRunnable
         runnableDebuggingMode = "0">
>>>>>>> Stashed changes
         <BuildableReference
            BuildableIdentifier = "primary"
            BlueprintIdentifier = "E0FD2D452ABA6BF60007A195"
            BuildableName = "SafeGo.app"
            BlueprintName = "SafeGo"
            ReferencedContainer = "container:SafeGo.xcodeproj">
         </BuildableReference>
<<<<<<< Updated upstream
      </MacroExpansion>
=======
      </BuildableProductRunnable>
>>>>>>> Stashed changes
   </ProfileAction>
   <AnalyzeAction
      buildConfiguration = "Debug">
   </AnalyzeAction>
   <ArchiveAction
      buildConfiguration = "Release"
      revealArchiveInOrganizer = "YES">
   </ArchiveAction>
</Scheme>
