// !$*UTF8*$!
{
	archiveVersion = 1;
	classes = {
	};
	objectVersion = 56;
	objects = {

/* Begin PBXBuildFile section */
		0E5755492AD9D8DC009433B6 /* CurrentMapView.swift in Sources */ = {isa = PBXBuildFile; fileRef = 0E5755482AD9D8DC009433B6 /* CurrentMapView.swift */; };
		0E57554D2ADA1F57009433B6 /* AddressToCordinates.swift in Sources */ = {isa = PBXBuildFile; fileRef = 0E57554C2ADA1F57009433B6 /* AddressToCordinates.swift */; };
		0E57554F2ADA2437009433B6 /* SafeGoView.swift in Sources */ = {isa = PBXBuildFile; fileRef = 0E57554E2ADA2437009433B6 /* SafeGoView.swift */; };
		0E5755522AE088FC009433B6 /* PythonKit in Frameworks */ = {isa = PBXBuildFile; productRef = 0E5755512AE088FC009433B6 /* PythonKit */; };
		0E5774062AD8F0ED0077DF85 /* MapView.swift in Sources */ = {isa = PBXBuildFile; fileRef = 0E5774052AD8F0ED0077DF85 /* MapView.swift */; };
		0E5774082AD9016D0077DF85 /* ReportCrimeView.swift in Sources */ = {isa = PBXBuildFile; fileRef = 0E5774072AD9016D0077DF85 /* ReportCrimeView.swift */; };
		0E57740A2AD9050E0077DF85 /* ReportCrimeViewController.swift in Sources */ = {isa = PBXBuildFile; fileRef = 0E5774092AD9050E0077DF85 /* ReportCrimeViewController.swift */; };
		0EB0875C2AF0641500496E31 /* ReportBugView.swift in Sources */ = {isa = PBXBuildFile; fileRef = 0EB0875B2AF0641500496E31 /* ReportBugView.swift */; };
		0EB087602AF0654400496E31 /* ReportBugViewController.swift in Sources */ = {isa = PBXBuildFile; fileRef = 0EB0875F2AF0654400496E31 /* ReportBugViewController.swift */; };
		0EB087622AF067AD00496E31 /* UserComplaintsView.swift in Sources */ = {isa = PBXBuildFile; fileRef = 0EB087612AF067AD00496E31 /* UserComplaintsView.swift */; };
		0EB087682AF2FD0700496E31 /* PQRView.swift in Sources */ = {isa = PBXBuildFile; fileRef = 0EB087672AF2FD0700496E31 /* PQRView.swift */; };
		0ECD91F42AF480BA00013F3A /* travelingView.swift in Sources */ = {isa = PBXBuildFile; fileRef = 0ECD91F32AF480BA00013F3A /* travelingView.swift */; };
		0ECD91F62AF495E700013F3A /* TripView.swift in Sources */ = {isa = PBXBuildFile; fileRef = 0ECD91F52AF495E700013F3A /* TripView.swift */; };
		30A1620F2AF477830047A893 /* SettingsView.swift in Sources */ = {isa = PBXBuildFile; fileRef = 30A1620E2AF477830047A893 /* SettingsView.swift */; };
		30B791DA2AF327FA008DE4DA /* ReportSuggestionsViewViewModel.swift in Sources */ = {isa = PBXBuildFile; fileRef = 30B791D92AF327FA008DE4DA /* ReportSuggestionsViewViewModel.swift */; };
		30D43F792ABEB6140069E0F0 /* TravelsViewController.swift in Sources */ = {isa = PBXBuildFile; fileRef = 30D43F782ABEB6140069E0F0 /* TravelsViewController.swift */; };
		30D43F7B2ABEB7170069E0F0 /* TravelsView.swift in Sources */ = {isa = PBXBuildFile; fileRef = 30D43F7A2ABEB7170069E0F0 /* TravelsView.swift */; };
		30DF54732ABE912E00C03732 /* HomeView.swift in Sources */ = {isa = PBXBuildFile; fileRef = 30DF54722ABE912E00C03732 /* HomeView.swift */; };
		30DF54752ABE926000C03732 /* HomeViewController.swift in Sources */ = {isa = PBXBuildFile; fileRef = 30DF54742ABE926000C03732 /* HomeViewController.swift */; };
		5326326E2ABED9E800F96002 /* MapViewController.swift in Sources */ = {isa = PBXBuildFile; fileRef = 5326326D2ABED9E800F96002 /* MapViewController.swift */; };
		532632702AC3D80400F96002 /* Popup.swift in Sources */ = {isa = PBXBuildFile; fileRef = 5326326F2AC3D80400F96002 /* Popup.swift */; };
		E0829F072ACAFC2900D0FA43 /* UserState.swift in Sources */ = {isa = PBXBuildFile; fileRef = E0829F062ACAFC2900D0FA43 /* UserState.swift */; };
		E0829F0A2ACB04F200D0FA43 /* FirebaseAnalytics in Frameworks */ = {isa = PBXBuildFile; productRef = E0829F092ACB04F200D0FA43 /* FirebaseAnalytics */; };
		E0829F0C2ACB04F200D0FA43 /* FirebaseAnalyticsOnDeviceConversion in Frameworks */ = {isa = PBXBuildFile; productRef = E0829F0B2ACB04F200D0FA43 /* FirebaseAnalyticsOnDeviceConversion */; };
		E0829F0E2ACB04F200D0FA43 /* FirebaseAnalyticsSwift in Frameworks */ = {isa = PBXBuildFile; productRef = E0829F0D2ACB04F200D0FA43 /* FirebaseAnalyticsSwift */; };
		E0829F102ACB04F200D0FA43 /* FirebaseAnalyticsWithoutAdIdSupport in Frameworks */ = {isa = PBXBuildFile; productRef = E0829F0F2ACB04F200D0FA43 /* FirebaseAnalyticsWithoutAdIdSupport */; };
		E0829F122ACB04F200D0FA43 /* FirebaseAppCheck in Frameworks */ = {isa = PBXBuildFile; productRef = E0829F112ACB04F200D0FA43 /* FirebaseAppCheck */; };
		E0829F142ACB04F200D0FA43 /* FirebaseAppDistribution-Beta in Frameworks */ = {isa = PBXBuildFile; productRef = E0829F132ACB04F200D0FA43 /* FirebaseAppDistribution-Beta */; };
		E0829F162ACB04F200D0FA43 /* FirebaseAuth in Frameworks */ = {isa = PBXBuildFile; productRef = E0829F152ACB04F200D0FA43 /* FirebaseAuth */; };
		E0829F182ACB04F200D0FA43 /* FirebaseAuthCombine-Community in Frameworks */ = {isa = PBXBuildFile; productRef = E0829F172ACB04F200D0FA43 /* FirebaseAuthCombine-Community */; };
		E0829F1A2ACB04F200D0FA43 /* FirebaseCrashlytics in Frameworks */ = {isa = PBXBuildFile; productRef = E0829F192ACB04F200D0FA43 /* FirebaseCrashlytics */; };
		E0829F1C2ACB04F200D0FA43 /* FirebaseDatabase in Frameworks */ = {isa = PBXBuildFile; productRef = E0829F1B2ACB04F200D0FA43 /* FirebaseDatabase */; };
		E0829F1E2ACB04F200D0FA43 /* FirebaseDatabaseSwift in Frameworks */ = {isa = PBXBuildFile; productRef = E0829F1D2ACB04F200D0FA43 /* FirebaseDatabaseSwift */; };
		E0829F202ACB04F200D0FA43 /* FirebaseDynamicLinks in Frameworks */ = {isa = PBXBuildFile; productRef = E0829F1F2ACB04F200D0FA43 /* FirebaseDynamicLinks */; };
		E0829F222ACB04F200D0FA43 /* FirebaseFirestore in Frameworks */ = {isa = PBXBuildFile; productRef = E0829F212ACB04F200D0FA43 /* FirebaseFirestore */; };
		E0829F242ACB04F200D0FA43 /* FirebaseFirestoreCombine-Community in Frameworks */ = {isa = PBXBuildFile; productRef = E0829F232ACB04F200D0FA43 /* FirebaseFirestoreCombine-Community */; };
		E0829F262ACB04F200D0FA43 /* FirebaseFirestoreSwift in Frameworks */ = {isa = PBXBuildFile; productRef = E0829F252ACB04F200D0FA43 /* FirebaseFirestoreSwift */; };
		E0829F282ACB04F200D0FA43 /* FirebaseFunctions in Frameworks */ = {isa = PBXBuildFile; productRef = E0829F272ACB04F200D0FA43 /* FirebaseFunctions */; };
		E0829F2A2ACB04F200D0FA43 /* FirebaseFunctionsCombine-Community in Frameworks */ = {isa = PBXBuildFile; productRef = E0829F292ACB04F200D0FA43 /* FirebaseFunctionsCombine-Community */; };
		E0829F2C2ACB04F200D0FA43 /* FirebaseInAppMessaging-Beta in Frameworks */ = {isa = PBXBuildFile; productRef = E0829F2B2ACB04F200D0FA43 /* FirebaseInAppMessaging-Beta */; };
		E0829F2E2ACB04F200D0FA43 /* FirebaseInAppMessagingSwift-Beta in Frameworks */ = {isa = PBXBuildFile; productRef = E0829F2D2ACB04F200D0FA43 /* FirebaseInAppMessagingSwift-Beta */; };
		E0829F302ACB04F200D0FA43 /* FirebaseInstallations in Frameworks */ = {isa = PBXBuildFile; productRef = E0829F2F2ACB04F200D0FA43 /* FirebaseInstallations */; };
		E0829F322ACB04F200D0FA43 /* FirebaseMLModelDownloader in Frameworks */ = {isa = PBXBuildFile; productRef = E0829F312ACB04F200D0FA43 /* FirebaseMLModelDownloader */; };
		E0829F342ACB04F200D0FA43 /* FirebaseMessaging in Frameworks */ = {isa = PBXBuildFile; productRef = E0829F332ACB04F200D0FA43 /* FirebaseMessaging */; };
		E0829F362ACB04F200D0FA43 /* FirebasePerformance in Frameworks */ = {isa = PBXBuildFile; productRef = E0829F352ACB04F200D0FA43 /* FirebasePerformance */; };
		E0829F382ACB04F200D0FA43 /* FirebaseRemoteConfig in Frameworks */ = {isa = PBXBuildFile; productRef = E0829F372ACB04F200D0FA43 /* FirebaseRemoteConfig */; };
		E0829F3A2ACB04F200D0FA43 /* FirebaseRemoteConfigSwift in Frameworks */ = {isa = PBXBuildFile; productRef = E0829F392ACB04F200D0FA43 /* FirebaseRemoteConfigSwift */; };
		E0829F3C2ACB04F200D0FA43 /* FirebaseStorage in Frameworks */ = {isa = PBXBuildFile; productRef = E0829F3B2ACB04F200D0FA43 /* FirebaseStorage */; };
		E0829F3E2ACB04F200D0FA43 /* FirebaseStorageCombine-Community in Frameworks */ = {isa = PBXBuildFile; productRef = E0829F3D2ACB04F200D0FA43 /* FirebaseStorageCombine-Community */; };
		E0829F402ACB063000D0FA43 /* GoogleService-Info.plist in Resources */ = {isa = PBXBuildFile; fileRef = E0829F3F2ACB063000D0FA43 /* GoogleService-Info.plist */; };
		E0829F422ACB0A5600D0FA43 /* LoginView.swift in Sources */ = {isa = PBXBuildFile; fileRef = E0829F412ACB0A5600D0FA43 /* LoginView.swift */; };
		E0829F442ACB102400D0FA43 /* Extensions.swift in Sources */ = {isa = PBXBuildFile; fileRef = E0829F432ACB102400D0FA43 /* Extensions.swift */; };
		E0DDD2312ABD11690053F726 /* MainViewController.swift in Sources */ = {isa = PBXBuildFile; fileRef = E0DDD2302ABD11690053F726 /* MainViewController.swift */; };
		E0DDD2332ABD116F0053F726 /* LoginViewController.swift in Sources */ = {isa = PBXBuildFile; fileRef = E0DDD2322ABD116F0053F726 /* LoginViewController.swift */; };
		E0DDD2352ABD11780053F726 /* RegisterViewController.swift in Sources */ = {isa = PBXBuildFile; fileRef = E0DDD2342ABD11780053F726 /* RegisterViewController.swift */; };
		E0DDD23F2ABD458B0053F726 /* SGButtonLR.swift in Sources */ = {isa = PBXBuildFile; fileRef = E0DDD23E2ABD458B0053F726 /* SGButtonLR.swift */; };
		E0F085C32ABD010C00EA1F8E /* RegisterView.swift in Sources */ = {isa = PBXBuildFile; fileRef = E0F085C22ABD010C00EA1F8E /* RegisterView.swift */; };
		E0F085C52ABD022000EA1F8E /* User.swift in Sources */ = {isa = PBXBuildFile; fileRef = E0F085C42ABD022000EA1F8E /* User.swift */; };
		E0FD2D4A2ABA6BF60007A195 /* SafeGoApp.swift in Sources */ = {isa = PBXBuildFile; fileRef = E0FD2D492ABA6BF60007A195 /* SafeGoApp.swift */; };
		E0FD2D4C2ABA6BF60007A195 /* MainView.swift in Sources */ = {isa = PBXBuildFile; fileRef = E0FD2D4B2ABA6BF60007A195 /* MainView.swift */; };
		E0FD2D4E2ABA6BF80007A195 /* Assets.xcassets in Resources */ = {isa = PBXBuildFile; fileRef = E0FD2D4D2ABA6BF80007A195 /* Assets.xcassets */; };
		E0FD2D512ABA6BF80007A195 /* Preview Assets.xcassets in Resources */ = {isa = PBXBuildFile; fileRef = E0FD2D502ABA6BF80007A195 /* Preview Assets.xcassets */; };
/* End PBXBuildFile section */

/* Begin PBXFileReference section */
		0E5755482AD9D8DC009433B6 /* CurrentMapView.swift */ = {isa = PBXFileReference; lastKnownFileType = sourcecode.swift; path = CurrentMapView.swift; sourceTree = "<group>"; };
		0E57554C2ADA1F57009433B6 /* AddressToCordinates.swift */ = {isa = PBXFileReference; lastKnownFileType = sourcecode.swift; path = AddressToCordinates.swift; sourceTree = "<group>"; };
		0E57554E2ADA2437009433B6 /* SafeGoView.swift */ = {isa = PBXFileReference; lastKnownFileType = sourcecode.swift; path = SafeGoView.swift; sourceTree = "<group>"; };
		0E5774052AD8F0ED0077DF85 /* MapView.swift */ = {isa = PBXFileReference; lastKnownFileType = sourcecode.swift; path = MapView.swift; sourceTree = "<group>"; };
		0E5774072AD9016D0077DF85 /* ReportCrimeView.swift */ = {isa = PBXFileReference; lastKnownFileType = sourcecode.swift; path = ReportCrimeView.swift; sourceTree = "<group>"; };
		0E5774092AD9050E0077DF85 /* ReportCrimeViewController.swift */ = {isa = PBXFileReference; lastKnownFileType = sourcecode.swift; path = ReportCrimeViewController.swift; sourceTree = "<group>"; };
		0EB0875B2AF0641500496E31 /* ReportBugView.swift */ = {isa = PBXFileReference; lastKnownFileType = sourcecode.swift; path = ReportBugView.swift; sourceTree = "<group>"; };
		0EB0875F2AF0654400496E31 /* ReportBugViewController.swift */ = {isa = PBXFileReference; lastKnownFileType = sourcecode.swift; path = ReportBugViewController.swift; sourceTree = "<group>"; };
		0EB087612AF067AD00496E31 /* UserComplaintsView.swift */ = {isa = PBXFileReference; lastKnownFileType = sourcecode.swift; path = UserComplaintsView.swift; sourceTree = "<group>"; };
		0EB087672AF2FD0700496E31 /* PQRView.swift */ = {isa = PBXFileReference; lastKnownFileType = sourcecode.swift; path = PQRView.swift; sourceTree = "<group>"; };
		0ECD91F32AF480BA00013F3A /* travelingView.swift */ = {isa = PBXFileReference; lastKnownFileType = sourcecode.swift; path = travelingView.swift; sourceTree = "<group>"; };
		0ECD91F52AF495E700013F3A /* TripView.swift */ = {isa = PBXFileReference; lastKnownFileType = sourcecode.swift; path = TripView.swift; sourceTree = "<group>"; };
		30A1620E2AF477830047A893 /* SettingsView.swift */ = {isa = PBXFileReference; lastKnownFileType = sourcecode.swift; path = SettingsView.swift; sourceTree = "<group>"; };
		30B791D92AF327FA008DE4DA /* ReportSuggestionsViewViewModel.swift */ = {isa = PBXFileReference; lastKnownFileType = sourcecode.swift; path = ReportSuggestionsViewViewModel.swift; sourceTree = "<group>"; };
		30D43F782ABEB6140069E0F0 /* TravelsViewController.swift */ = {isa = PBXFileReference; lastKnownFileType = sourcecode.swift; path = TravelsViewController.swift; sourceTree = "<group>"; };
		30D43F7A2ABEB7170069E0F0 /* TravelsView.swift */ = {isa = PBXFileReference; lastKnownFileType = sourcecode.swift; name = TravelsView.swift; path = SafeGo/ViewModels/TravelsView.swift; sourceTree = SOURCE_ROOT; };
		30DF54722ABE912E00C03732 /* HomeView.swift */ = {isa = PBXFileReference; lastKnownFileType = sourcecode.swift; path = HomeView.swift; sourceTree = "<group>"; };
		30DF54742ABE926000C03732 /* HomeViewController.swift */ = {isa = PBXFileReference; lastKnownFileType = sourcecode.swift; path = HomeViewController.swift; sourceTree = "<group>"; };
		5326326D2ABED9E800F96002 /* MapViewController.swift */ = {isa = PBXFileReference; lastKnownFileType = sourcecode.swift; path = MapViewController.swift; sourceTree = "<group>"; };
		5326326F2AC3D80400F96002 /* Popup.swift */ = {isa = PBXFileReference; lastKnownFileType = sourcecode.swift; path = Popup.swift; sourceTree = "<group>"; };
		E04FF65B2ACA5F4F002B0014 /* Info.plist */ = {isa = PBXFileReference; lastKnownFileType = text.plist; path = Info.plist; sourceTree = "<group>"; };
		E0829F062ACAFC2900D0FA43 /* UserState.swift */ = {isa = PBXFileReference; lastKnownFileType = sourcecode.swift; path = UserState.swift; sourceTree = "<group>"; };
		E0829F3F2ACB063000D0FA43 /* GoogleService-Info.plist */ = {isa = PBXFileReference; fileEncoding = 4; lastKnownFileType = text.plist.xml; path = "GoogleService-Info.plist"; sourceTree = "<group>"; };
		E0829F412ACB0A5600D0FA43 /* LoginView.swift */ = {isa = PBXFileReference; lastKnownFileType = sourcecode.swift; path = LoginView.swift; sourceTree = "<group>"; };
		E0829F432ACB102400D0FA43 /* Extensions.swift */ = {isa = PBXFileReference; lastKnownFileType = sourcecode.swift; path = Extensions.swift; sourceTree = "<group>"; };
		E0DDD2302ABD11690053F726 /* MainViewController.swift */ = {isa = PBXFileReference; lastKnownFileType = sourcecode.swift; path = MainViewController.swift; sourceTree = "<group>"; };
		E0DDD2322ABD116F0053F726 /* LoginViewController.swift */ = {isa = PBXFileReference; lastKnownFileType = sourcecode.swift; path = LoginViewController.swift; sourceTree = "<group>"; };
		E0DDD2342ABD11780053F726 /* RegisterViewController.swift */ = {isa = PBXFileReference; lastKnownFileType = sourcecode.swift; path = RegisterViewController.swift; sourceTree = "<group>"; };
		E0DDD23E2ABD458B0053F726 /* SGButtonLR.swift */ = {isa = PBXFileReference; lastKnownFileType = sourcecode.swift; path = SGButtonLR.swift; sourceTree = "<group>"; };
		E0F085C22ABD010C00EA1F8E /* RegisterView.swift */ = {isa = PBXFileReference; lastKnownFileType = sourcecode.swift; path = RegisterView.swift; sourceTree = "<group>"; };
		E0F085C42ABD022000EA1F8E /* User.swift */ = {isa = PBXFileReference; lastKnownFileType = sourcecode.swift; path = User.swift; sourceTree = "<group>"; };
		E0FD2D462ABA6BF60007A195 /* SafeGo.app */ = {isa = PBXFileReference; explicitFileType = wrapper.application; includeInIndex = 0; path = SafeGo.app; sourceTree = BUILT_PRODUCTS_DIR; };
		E0FD2D492ABA6BF60007A195 /* SafeGoApp.swift */ = {isa = PBXFileReference; lastKnownFileType = sourcecode.swift; path = SafeGoApp.swift; sourceTree = "<group>"; };
		E0FD2D4B2ABA6BF60007A195 /* MainView.swift */ = {isa = PBXFileReference; lastKnownFileType = sourcecode.swift; path = MainView.swift; sourceTree = "<group>"; };
		E0FD2D4D2ABA6BF80007A195 /* Assets.xcassets */ = {isa = PBXFileReference; lastKnownFileType = folder.assetcatalog; path = Assets.xcassets; sourceTree = "<group>"; };
		E0FD2D502ABA6BF80007A195 /* Preview Assets.xcassets */ = {isa = PBXFileReference; lastKnownFileType = folder.assetcatalog; path = "Preview Assets.xcassets"; sourceTree = "<group>"; };
/* End PBXFileReference section */

/* Begin PBXFrameworksBuildPhase section */
		E0FD2D432ABA6BF60007A195 /* Frameworks */ = {
			isa = PBXFrameworksBuildPhase;
			buildActionMask = 2147483647;
			files = (
				E0829F1C2ACB04F200D0FA43 /* FirebaseDatabase in Frameworks */,
				E0829F2A2ACB04F200D0FA43 /* FirebaseFunctionsCombine-Community in Frameworks */,
				E0829F222ACB04F200D0FA43 /* FirebaseFirestore in Frameworks */,
				E0829F0E2ACB04F200D0FA43 /* FirebaseAnalyticsSwift in Frameworks */,
				E0829F0A2ACB04F200D0FA43 /* FirebaseAnalytics in Frameworks */,
				E0829F0C2ACB04F200D0FA43 /* FirebaseAnalyticsOnDeviceConversion in Frameworks */,
				E0829F322ACB04F200D0FA43 /* FirebaseMLModelDownloader in Frameworks */,
				E0829F262ACB04F200D0FA43 /* FirebaseFirestoreSwift in Frameworks */,
				E0829F122ACB04F200D0FA43 /* FirebaseAppCheck in Frameworks */,
				E0829F102ACB04F200D0FA43 /* FirebaseAnalyticsWithoutAdIdSupport in Frameworks */,
				E0829F162ACB04F200D0FA43 /* FirebaseAuth in Frameworks */,
				E0829F1A2ACB04F200D0FA43 /* FirebaseCrashlytics in Frameworks */,
				E0829F3A2ACB04F200D0FA43 /* FirebaseRemoteConfigSwift in Frameworks */,
				E0829F2C2ACB04F200D0FA43 /* FirebaseInAppMessaging-Beta in Frameworks */,
				E0829F1E2ACB04F200D0FA43 /* FirebaseDatabaseSwift in Frameworks */,
				E0829F282ACB04F200D0FA43 /* FirebaseFunctions in Frameworks */,
				E0829F3E2ACB04F200D0FA43 /* FirebaseStorageCombine-Community in Frameworks */,
				E0829F382ACB04F200D0FA43 /* FirebaseRemoteConfig in Frameworks */,
				E0829F142ACB04F200D0FA43 /* FirebaseAppDistribution-Beta in Frameworks */,
				0E5755522AE088FC009433B6 /* PythonKit in Frameworks */,
				E0829F182ACB04F200D0FA43 /* FirebaseAuthCombine-Community in Frameworks */,
				E0829F362ACB04F200D0FA43 /* FirebasePerformance in Frameworks */,
				E0829F2E2ACB04F200D0FA43 /* FirebaseInAppMessagingSwift-Beta in Frameworks */,
				E0829F3C2ACB04F200D0FA43 /* FirebaseStorage in Frameworks */,
				E0829F202ACB04F200D0FA43 /* FirebaseDynamicLinks in Frameworks */,
				E0829F242ACB04F200D0FA43 /* FirebaseFirestoreCombine-Community in Frameworks */,
				E0829F342ACB04F200D0FA43 /* FirebaseMessaging in Frameworks */,
				E0829F302ACB04F200D0FA43 /* FirebaseInstallations in Frameworks */,
			);
			runOnlyForDeploymentPostprocessing = 0;
		};
/* End PBXFrameworksBuildPhase section */

/* Begin PBXGroup section */
		0E57554B2ADA1F3F009433B6 /* Classes */ = {
			isa = PBXGroup;
			children = (
				0E57554C2ADA1F57009433B6 /* AddressToCordinates.swift */,
			);
			path = Classes;
			sourceTree = "<group>";
		};
		E0F085BC2ABCB3E700EA1F8E /* Model */ = {
			isa = PBXGroup;
			children = (
				E0F085C42ABD022000EA1F8E /* User.swift */,
			);
			path = Model;
			sourceTree = "<group>";
		};
		E0F085BD2ABCB3F400EA1F8E /* View */ = {
			isa = PBXGroup;
			children = (
				30D43F7A2ABEB7170069E0F0 /* TravelsView.swift */,
				E0F085C22ABD010C00EA1F8E /* RegisterView.swift */,
				E0FD2D4B2ABA6BF60007A195 /* MainView.swift */,
				30DF54722ABE912E00C03732 /* HomeView.swift */,
				E0DDD23E2ABD458B0053F726 /* SGButtonLR.swift */,
				5326326F2AC3D80400F96002 /* Popup.swift */,
				E0829F412ACB0A5600D0FA43 /* LoginView.swift */,
				0E5774052AD8F0ED0077DF85 /* MapView.swift */,
				0E5774072AD9016D0077DF85 /* ReportCrimeView.swift */,
				0E5755482AD9D8DC009433B6 /* CurrentMapView.swift */,
				0E57554E2ADA2437009433B6 /* SafeGoView.swift */,
				0EB0875B2AF0641500496E31 /* ReportBugView.swift */,
				0EB087612AF067AD00496E31 /* UserComplaintsView.swift */,
				0EB087672AF2FD0700496E31 /* PQRView.swift */,
				30A1620E2AF477830047A893 /* SettingsView.swift */,
				0ECD91F32AF480BA00013F3A /* travelingView.swift */,
				0ECD91F52AF495E700013F3A /* TripView.swift */,
			);
			path = View;
			sourceTree = "<group>";
		};
		E0F085BF2ABD003A00EA1F8E /* other */ = {
			isa = PBXGroup;
			children = (
				E0829F3F2ACB063000D0FA43 /* GoogleService-Info.plist */,
				E0829F062ACAFC2900D0FA43 /* UserState.swift */,
				E0FD2D4D2ABA6BF80007A195 /* Assets.xcassets */,
				E0FD2D492ABA6BF60007A195 /* SafeGoApp.swift */,
				E0829F432ACB102400D0FA43 /* Extensions.swift */,
			);
			path = other;
			sourceTree = "<group>";
		};
		E0F085C62ABD025000EA1F8E /* ViewModels */ = {
			isa = PBXGroup;
			children = (
				E0DDD2302ABD11690053F726 /* MainViewController.swift */,
				E0DDD2322ABD116F0053F726 /* LoginViewController.swift */,
				30DF54742ABE926000C03732 /* HomeViewController.swift */,
				E0DDD2342ABD11780053F726 /* RegisterViewController.swift */,
				30D43F782ABEB6140069E0F0 /* TravelsViewController.swift */,
				5326326D2ABED9E800F96002 /* MapViewController.swift */,
				0E5774092AD9050E0077DF85 /* ReportCrimeViewController.swift */,
				0EB0875F2AF0654400496E31 /* ReportBugViewController.swift */,
				30B791D92AF327FA008DE4DA /* ReportSuggestionsViewViewModel.swift */,
			);
			path = ViewModels;
			sourceTree = "<group>";
		};
		E0FD2D3D2ABA6BF60007A195 = {
			isa = PBXGroup;
			children = (
				E0FD2D482ABA6BF60007A195 /* SafeGo */,
				E0FD2D472ABA6BF60007A195 /* Products */,
			);
			sourceTree = "<group>";
		};
		E0FD2D472ABA6BF60007A195 /* Products */ = {
			isa = PBXGroup;
			children = (
				E0FD2D462ABA6BF60007A195 /* SafeGo.app */,
			);
			name = Products;
			sourceTree = "<group>";
		};
		E0FD2D482ABA6BF60007A195 /* SafeGo */ = {
			isa = PBXGroup;
			children = (
				0E57554B2ADA1F3F009433B6 /* Classes */,
				E04FF65B2ACA5F4F002B0014 /* Info.plist */,
				E0F085C62ABD025000EA1F8E /* ViewModels */,
				E0F085BF2ABD003A00EA1F8E /* other */,
				E0F085BD2ABCB3F400EA1F8E /* View */,
				E0F085BC2ABCB3E700EA1F8E /* Model */,
				E0FD2D4F2ABA6BF80007A195 /* Preview Content */,
			);
			path = SafeGo;
			sourceTree = "<group>";
		};
		E0FD2D4F2ABA6BF80007A195 /* Preview Content */ = {
			isa = PBXGroup;
			children = (
				E0FD2D502ABA6BF80007A195 /* Preview Assets.xcassets */,
			);
			path = "Preview Content";
			sourceTree = "<group>";
		};
/* End PBXGroup section */

/* Begin PBXNativeTarget section */
		E0FD2D452ABA6BF60007A195 /* SafeGo */ = {
			isa = PBXNativeTarget;
			buildConfigurationList = E0FD2D542ABA6BF80007A195 /* Build configuration list for PBXNativeTarget "SafeGo" */;
			buildPhases = (
				E0FD2D422ABA6BF60007A195 /* Sources */,
				E0FD2D432ABA6BF60007A195 /* Frameworks */,
				E0FD2D442ABA6BF60007A195 /* Resources */,
			);
			buildRules = (
			);
			dependencies = (
			);
			name = SafeGo;
			packageProductDependencies = (
				E0829F092ACB04F200D0FA43 /* FirebaseAnalytics */,
				E0829F0B2ACB04F200D0FA43 /* FirebaseAnalyticsOnDeviceConversion */,
				E0829F0D2ACB04F200D0FA43 /* FirebaseAnalyticsSwift */,
				E0829F0F2ACB04F200D0FA43 /* FirebaseAnalyticsWithoutAdIdSupport */,
				E0829F112ACB04F200D0FA43 /* FirebaseAppCheck */,
				E0829F132ACB04F200D0FA43 /* FirebaseAppDistribution-Beta */,
				E0829F152ACB04F200D0FA43 /* FirebaseAuth */,
				E0829F172ACB04F200D0FA43 /* FirebaseAuthCombine-Community */,
				E0829F192ACB04F200D0FA43 /* FirebaseCrashlytics */,
				E0829F1B2ACB04F200D0FA43 /* FirebaseDatabase */,
				E0829F1D2ACB04F200D0FA43 /* FirebaseDatabaseSwift */,
				E0829F1F2ACB04F200D0FA43 /* FirebaseDynamicLinks */,
				E0829F212ACB04F200D0FA43 /* FirebaseFirestore */,
				E0829F232ACB04F200D0FA43 /* FirebaseFirestoreCombine-Community */,
				E0829F252ACB04F200D0FA43 /* FirebaseFirestoreSwift */,
				E0829F272ACB04F200D0FA43 /* FirebaseFunctions */,
				E0829F292ACB04F200D0FA43 /* FirebaseFunctionsCombine-Community */,
				E0829F2B2ACB04F200D0FA43 /* FirebaseInAppMessaging-Beta */,
				E0829F2D2ACB04F200D0FA43 /* FirebaseInAppMessagingSwift-Beta */,
				E0829F2F2ACB04F200D0FA43 /* FirebaseInstallations */,
				E0829F312ACB04F200D0FA43 /* FirebaseMLModelDownloader */,
				E0829F332ACB04F200D0FA43 /* FirebaseMessaging */,
				E0829F352ACB04F200D0FA43 /* FirebasePerformance */,
				E0829F372ACB04F200D0FA43 /* FirebaseRemoteConfig */,
				E0829F392ACB04F200D0FA43 /* FirebaseRemoteConfigSwift */,
				E0829F3B2ACB04F200D0FA43 /* FirebaseStorage */,
				E0829F3D2ACB04F200D0FA43 /* FirebaseStorageCombine-Community */,
				0E5755512AE088FC009433B6 /* PythonKit */,
			);
			productName = SafeGo;
			productReference = E0FD2D462ABA6BF60007A195 /* SafeGo.app */;
			productType = "com.apple.product-type.application";
		};
/* End PBXNativeTarget section */

/* Begin PBXProject section */
		E0FD2D3E2ABA6BF60007A195 /* Project object */ = {
			isa = PBXProject;
			attributes = {
				BuildIndependentTargetsInParallel = 1;
				LastSwiftUpdateCheck = 1500;
				LastUpgradeCheck = 1500;
				TargetAttributes = {
					E0FD2D452ABA6BF60007A195 = {
						CreatedOnToolsVersion = 15.0;
					};
				};
			};
			buildConfigurationList = E0FD2D412ABA6BF60007A195 /* Build configuration list for PBXProject "SafeGo" */;
			compatibilityVersion = "Xcode 14.0";
			developmentRegion = en;
			hasScannedForEncodings = 0;
			knownRegions = (
				en,
				Base,
			);
			mainGroup = E0FD2D3D2ABA6BF60007A195;
			packageReferences = (
				E0829F082ACB04F200D0FA43 /* XCRemoteSwiftPackageReference "firebase-ios-sdk" */,
				0E5755502AE088FC009433B6 /* XCRemoteSwiftPackageReference "PythonKit" */,
			);
			productRefGroup = E0FD2D472ABA6BF60007A195 /* Products */;
			projectDirPath = "";
			projectRoot = "";
			targets = (
				E0FD2D452ABA6BF60007A195 /* SafeGo */,
			);
		};
/* End PBXProject section */

/* Begin PBXResourcesBuildPhase section */
		E0FD2D442ABA6BF60007A195 /* Resources */ = {
			isa = PBXResourcesBuildPhase;
			buildActionMask = 2147483647;
			files = (
				E0FD2D512ABA6BF80007A195 /* Preview Assets.xcassets in Resources */,
				E0FD2D4E2ABA6BF80007A195 /* Assets.xcassets in Resources */,
				E0829F402ACB063000D0FA43 /* GoogleService-Info.plist in Resources */,
			);
			runOnlyForDeploymentPostprocessing = 0;
		};
/* End PBXResourcesBuildPhase section */

/* Begin PBXSourcesBuildPhase section */
		E0FD2D422ABA6BF60007A195 /* Sources */ = {
			isa = PBXSourcesBuildPhase;
			buildActionMask = 2147483647;
			files = (
				5326326E2ABED9E800F96002 /* MapViewController.swift in Sources */,
				0EB087622AF067AD00496E31 /* UserComplaintsView.swift in Sources */,
				E0DDD2332ABD116F0053F726 /* LoginViewController.swift in Sources */,
				E0DDD2352ABD11780053F726 /* RegisterViewController.swift in Sources */,
				0ECD91F62AF495E700013F3A /* TripView.swift in Sources */,
				0E57554D2ADA1F57009433B6 /* AddressToCordinates.swift in Sources */,
				E0DDD23F2ABD458B0053F726 /* SGButtonLR.swift in Sources */,
				30DF54732ABE912E00C03732 /* HomeView.swift in Sources */,
				0EB087602AF0654400496E31 /* ReportBugViewController.swift in Sources */,
				E0F085C32ABD010C00EA1F8E /* RegisterView.swift in Sources */,
				30B791DA2AF327FA008DE4DA /* ReportSuggestionsViewViewModel.swift in Sources */,
				E0DDD2312ABD11690053F726 /* MainViewController.swift in Sources */,
				0E5774062AD8F0ED0077DF85 /* MapView.swift in Sources */,
				0E5755492AD9D8DC009433B6 /* CurrentMapView.swift in Sources */,
				0E57554F2ADA2437009433B6 /* SafeGoView.swift in Sources */,
				0EB0875C2AF0641500496E31 /* ReportBugView.swift in Sources */,
				E0FD2D4C2ABA6BF60007A195 /* MainView.swift in Sources */,
				30DF54752ABE926000C03732 /* HomeViewController.swift in Sources */,
				E0829F072ACAFC2900D0FA43 /* UserState.swift in Sources */,
				E0829F422ACB0A5600D0FA43 /* LoginView.swift in Sources */,
				0E57740A2AD9050E0077DF85 /* ReportCrimeViewController.swift in Sources */,
				532632702AC3D80400F96002 /* Popup.swift in Sources */,
				E0F085C52ABD022000EA1F8E /* User.swift in Sources */,
				0EB087682AF2FD0700496E31 /* PQRView.swift in Sources */,
				0ECD91F42AF480BA00013F3A /* travelingView.swift in Sources */,
				0E5774082AD9016D0077DF85 /* ReportCrimeView.swift in Sources */,
				30D43F792ABEB6140069E0F0 /* TravelsViewController.swift in Sources */,
				E0829F442ACB102400D0FA43 /* Extensions.swift in Sources */,
				30A1620F2AF477830047A893 /* SettingsView.swift in Sources */,
				30D43F7B2ABEB7170069E0F0 /* TravelsView.swift in Sources */,
				E0FD2D4A2ABA6BF60007A195 /* SafeGoApp.swift in Sources */,
			);
			runOnlyForDeploymentPostprocessing = 0;
		};
/* End PBXSourcesBuildPhase section */

/* Begin XCBuildConfiguration section */
		E0FD2D522ABA6BF80007A195 /* Debug */ = {
			isa = XCBuildConfiguration;
			buildSettings = {
				ALWAYS_SEARCH_USER_PATHS = NO;
				ASSETCATALOG_COMPILER_GENERATE_SWIFT_ASSET_SYMBOL_EXTENSIONS = YES;
				CLANG_ANALYZER_NONNULL = YES;
				CLANG_ANALYZER_NUMBER_OBJECT_CONVERSION = YES_AGGRESSIVE;
				CLANG_CXX_LANGUAGE_STANDARD = "gnu++20";
				CLANG_ENABLE_MODULES = YES;
				CLANG_ENABLE_OBJC_ARC = YES;
				CLANG_ENABLE_OBJC_WEAK = YES;
				CLANG_WARN_BLOCK_CAPTURE_AUTORELEASING = YES;
				CLANG_WARN_BOOL_CONVERSION = YES;
				CLANG_WARN_COMMA = YES;
				CLANG_WARN_CONSTANT_CONVERSION = YES;
				CLANG_WARN_DEPRECATED_OBJC_IMPLEMENTATIONS = YES;
				CLANG_WARN_DIRECT_OBJC_ISA_USAGE = YES_ERROR;
				CLANG_WARN_DOCUMENTATION_COMMENTS = YES;
				CLANG_WARN_EMPTY_BODY = YES;
				CLANG_WARN_ENUM_CONVERSION = YES;
				CLANG_WARN_INFINITE_RECURSION = YES;
				CLANG_WARN_INT_CONVERSION = YES;
				CLANG_WARN_NON_LITERAL_NULL_CONVERSION = YES;
				CLANG_WARN_OBJC_IMPLICIT_RETAIN_SELF = YES;
				CLANG_WARN_OBJC_LITERAL_CONVERSION = YES;
				CLANG_WARN_OBJC_ROOT_CLASS = YES_ERROR;
				CLANG_WARN_QUOTED_INCLUDE_IN_FRAMEWORK_HEADER = YES;
				CLANG_WARN_RANGE_LOOP_ANALYSIS = YES;
				CLANG_WARN_STRICT_PROTOTYPES = YES;
				CLANG_WARN_SUSPICIOUS_MOVE = YES;
				CLANG_WARN_UNGUARDED_AVAILABILITY = YES_AGGRESSIVE;
				CLANG_WARN_UNREACHABLE_CODE = YES;
				CLANG_WARN__DUPLICATE_METHOD_MATCH = YES;
				COPY_PHASE_STRIP = NO;
				DEBUG_INFORMATION_FORMAT = dwarf;
				ENABLE_STRICT_OBJC_MSGSEND = YES;
				ENABLE_TESTABILITY = YES;
				ENABLE_USER_SCRIPT_SANDBOXING = YES;
				GCC_C_LANGUAGE_STANDARD = gnu17;
				GCC_DYNAMIC_NO_PIC = NO;
				GCC_NO_COMMON_BLOCKS = YES;
				GCC_OPTIMIZATION_LEVEL = 0;
				GCC_PREPROCESSOR_DEFINITIONS = (
					"DEBUG=1",
					"$(inherited)",
				);
				GCC_WARN_64_TO_32_BIT_CONVERSION = YES;
				GCC_WARN_ABOUT_RETURN_TYPE = YES_ERROR;
				GCC_WARN_UNDECLARED_SELECTOR = YES;
				GCC_WARN_UNINITIALIZED_AUTOS = YES_AGGRESSIVE;
				GCC_WARN_UNUSED_FUNCTION = YES;
				GCC_WARN_UNUSED_VARIABLE = YES;
				IPHONEOS_DEPLOYMENT_TARGET = 17.0;
				LOCALIZATION_PREFERS_STRING_CATALOGS = YES;
				MTL_ENABLE_DEBUG_INFO = INCLUDE_SOURCE;
				MTL_FAST_MATH = YES;
				ONLY_ACTIVE_ARCH = YES;
				SDKROOT = iphoneos;
				SWIFT_ACTIVE_COMPILATION_CONDITIONS = "DEBUG $(inherited)";
				SWIFT_OPTIMIZATION_LEVEL = "-Onone";
			};
			name = Debug;
		};
		E0FD2D532ABA6BF80007A195 /* Release */ = {
			isa = XCBuildConfiguration;
			buildSettings = {
				ALWAYS_SEARCH_USER_PATHS = NO;
				ASSETCATALOG_COMPILER_GENERATE_SWIFT_ASSET_SYMBOL_EXTENSIONS = YES;
				CLANG_ANALYZER_NONNULL = YES;
				CLANG_ANALYZER_NUMBER_OBJECT_CONVERSION = YES_AGGRESSIVE;
				CLANG_CXX_LANGUAGE_STANDARD = "gnu++20";
				CLANG_ENABLE_MODULES = YES;
				CLANG_ENABLE_OBJC_ARC = YES;
				CLANG_ENABLE_OBJC_WEAK = YES;
				CLANG_WARN_BLOCK_CAPTURE_AUTORELEASING = YES;
				CLANG_WARN_BOOL_CONVERSION = YES;
				CLANG_WARN_COMMA = YES;
				CLANG_WARN_CONSTANT_CONVERSION = YES;
				CLANG_WARN_DEPRECATED_OBJC_IMPLEMENTATIONS = YES;
				CLANG_WARN_DIRECT_OBJC_ISA_USAGE = YES_ERROR;
				CLANG_WARN_DOCUMENTATION_COMMENTS = YES;
				CLANG_WARN_EMPTY_BODY = YES;
				CLANG_WARN_ENUM_CONVERSION = YES;
				CLANG_WARN_INFINITE_RECURSION = YES;
				CLANG_WARN_INT_CONVERSION = YES;
				CLANG_WARN_NON_LITERAL_NULL_CONVERSION = YES;
				CLANG_WARN_OBJC_IMPLICIT_RETAIN_SELF = YES;
				CLANG_WARN_OBJC_LITERAL_CONVERSION = YES;
				CLANG_WARN_OBJC_ROOT_CLASS = YES_ERROR;
				CLANG_WARN_QUOTED_INCLUDE_IN_FRAMEWORK_HEADER = YES;
				CLANG_WARN_RANGE_LOOP_ANALYSIS = YES;
				CLANG_WARN_STRICT_PROTOTYPES = YES;
				CLANG_WARN_SUSPICIOUS_MOVE = YES;
				CLANG_WARN_UNGUARDED_AVAILABILITY = YES_AGGRESSIVE;
				CLANG_WARN_UNREACHABLE_CODE = YES;
				CLANG_WARN__DUPLICATE_METHOD_MATCH = YES;
				COPY_PHASE_STRIP = NO;
				DEBUG_INFORMATION_FORMAT = "dwarf-with-dsym";
				ENABLE_NS_ASSERTIONS = NO;
				ENABLE_STRICT_OBJC_MSGSEND = YES;
				ENABLE_USER_SCRIPT_SANDBOXING = YES;
				GCC_C_LANGUAGE_STANDARD = gnu17;
				GCC_NO_COMMON_BLOCKS = YES;
				GCC_WARN_64_TO_32_BIT_CONVERSION = YES;
				GCC_WARN_ABOUT_RETURN_TYPE = YES_ERROR;
				GCC_WARN_UNDECLARED_SELECTOR = YES;
				GCC_WARN_UNINITIALIZED_AUTOS = YES_AGGRESSIVE;
				GCC_WARN_UNUSED_FUNCTION = YES;
				GCC_WARN_UNUSED_VARIABLE = YES;
				IPHONEOS_DEPLOYMENT_TARGET = 17.0;
				LOCALIZATION_PREFERS_STRING_CATALOGS = YES;
				MTL_ENABLE_DEBUG_INFO = NO;
				MTL_FAST_MATH = YES;
				SDKROOT = iphoneos;
				SWIFT_COMPILATION_MODE = wholemodule;
				VALIDATE_PRODUCT = YES;
			};
			name = Release;
		};
		E0FD2D552ABA6BF80007A195 /* Debug */ = {
			isa = XCBuildConfiguration;
			buildSettings = {
				ASSETCATALOG_COMPILER_APPICON_NAME = AppIcon;
				ASSETCATALOG_COMPILER_GLOBAL_ACCENT_COLOR_NAME = AccentColor;
				CODE_SIGN_STYLE = Automatic;
				CURRENT_PROJECT_VERSION = 1;
				DEVELOPMENT_ASSET_PATHS = "\"SafeGo/Preview Content\"";
				DEVELOPMENT_TEAM = MD7XHTZ242;
				ENABLE_PREVIEWS = YES;
				GENERATE_INFOPLIST_FILE = YES;
				INFOPLIST_FILE = SafeGo/Info.plist;
				INFOPLIST_KEY_CFBundleDisplayName = SafeGo;
				INFOPLIST_KEY_LSApplicationCategoryType = "";
				INFOPLIST_KEY_NSCameraUsageDescription = "";
				INFOPLIST_KEY_NSLocationAlwaysAndWhenInUseUsageDescription = SafeGo;
				INFOPLIST_KEY_NSLocationUsageDescription = "";
				INFOPLIST_KEY_UIApplicationSceneManifest_Generation = YES;
				INFOPLIST_KEY_UIApplicationSupportsIndirectInputEvents = YES;
				INFOPLIST_KEY_UILaunchScreen_Generation = YES;
				INFOPLIST_KEY_UISupportedInterfaceOrientations = UIInterfaceOrientationPortrait;
				IPHONEOS_DEPLOYMENT_TARGET = 17.0;
				LD_RUNPATH_SEARCH_PATHS = (
					"$(inherited)",
					"@executable_path/Frameworks",
				);
				MARKETING_VERSION = 1.0;
				PRODUCT_BUNDLE_IDENTIFIER = uniandes.SafeGoApp;
				PRODUCT_NAME = "$(TARGET_NAME)";
				SWIFT_EMIT_LOC_STRINGS = YES;
				SWIFT_VERSION = 5.0;
				TARGETED_DEVICE_FAMILY = "1,2";
			};
			name = Debug;
		};
		E0FD2D562ABA6BF80007A195 /* Release */ = {
			isa = XCBuildConfiguration;
			buildSettings = {
				ASSETCATALOG_COMPILER_APPICON_NAME = AppIcon;
				ASSETCATALOG_COMPILER_GLOBAL_ACCENT_COLOR_NAME = AccentColor;
				CODE_SIGN_STYLE = Automatic;
				CURRENT_PROJECT_VERSION = 1;
				DEVELOPMENT_ASSET_PATHS = "\"SafeGo/Preview Content\"";
				DEVELOPMENT_TEAM = MD7XHTZ242;
				ENABLE_PREVIEWS = YES;
				GENERATE_INFOPLIST_FILE = YES;
				INFOPLIST_FILE = SafeGo/Info.plist;
				INFOPLIST_KEY_CFBundleDisplayName = SafeGo;
				INFOPLIST_KEY_LSApplicationCategoryType = "";
				INFOPLIST_KEY_NSCameraUsageDescription = "";
				INFOPLIST_KEY_NSLocationAlwaysAndWhenInUseUsageDescription = SafeGo;
				INFOPLIST_KEY_NSLocationUsageDescription = "";
				INFOPLIST_KEY_UIApplicationSceneManifest_Generation = YES;
				INFOPLIST_KEY_UIApplicationSupportsIndirectInputEvents = YES;
				INFOPLIST_KEY_UILaunchScreen_Generation = YES;
				INFOPLIST_KEY_UISupportedInterfaceOrientations = UIInterfaceOrientationPortrait;
				IPHONEOS_DEPLOYMENT_TARGET = 17.0;
				LD_RUNPATH_SEARCH_PATHS = (
					"$(inherited)",
					"@executable_path/Frameworks",
				);
				MARKETING_VERSION = 1.0;
				PRODUCT_BUNDLE_IDENTIFIER = uniandes.SafeGoApp;
				PRODUCT_NAME = "$(TARGET_NAME)";
				SWIFT_EMIT_LOC_STRINGS = YES;
				SWIFT_VERSION = 5.0;
				TARGETED_DEVICE_FAMILY = "1,2";
			};
			name = Release;
		};
/* End XCBuildConfiguration section */

/* Begin XCConfigurationList section */
		E0FD2D412ABA6BF60007A195 /* Build configuration list for PBXProject "SafeGo" */ = {
			isa = XCConfigurationList;
			buildConfigurations = (
				E0FD2D522ABA6BF80007A195 /* Debug */,
				E0FD2D532ABA6BF80007A195 /* Release */,
			);
			defaultConfigurationIsVisible = 0;
			defaultConfigurationName = Release;
		};
		E0FD2D542ABA6BF80007A195 /* Build configuration list for PBXNativeTarget "SafeGo" */ = {
			isa = XCConfigurationList;
			buildConfigurations = (
				E0FD2D552ABA6BF80007A195 /* Debug */,
				E0FD2D562ABA6BF80007A195 /* Release */,
			);
			defaultConfigurationIsVisible = 0;
			defaultConfigurationName = Release;
		};
/* End XCConfigurationList section */

/* Begin XCRemoteSwiftPackageReference section */
		0E5755502AE088FC009433B6 /* XCRemoteSwiftPackageReference "PythonKit" */ = {
			isa = XCRemoteSwiftPackageReference;
			repositoryURL = "https://github.com/pvieito/PythonKit.git";
			requirement = {
				branch = master;
				kind = branch;
			};
		};
		E0829F082ACB04F200D0FA43 /* XCRemoteSwiftPackageReference "firebase-ios-sdk" */ = {
			isa = XCRemoteSwiftPackageReference;
			repositoryURL = "https://github.com/firebase/firebase-ios-sdk";
			requirement = {
				kind = upToNextMajorVersion;
				minimumVersion = 10.15.0;
			};
		};
/* End XCRemoteSwiftPackageReference section */

/* Begin XCSwiftPackageProductDependency section */
		0E5755512AE088FC009433B6 /* PythonKit */ = {
			isa = XCSwiftPackageProductDependency;
			package = 0E5755502AE088FC009433B6 /* XCRemoteSwiftPackageReference "PythonKit" */;
			productName = PythonKit;
		};
		E0829F092ACB04F200D0FA43 /* FirebaseAnalytics */ = {
			isa = XCSwiftPackageProductDependency;
			package = E0829F082ACB04F200D0FA43 /* XCRemoteSwiftPackageReference "firebase-ios-sdk" */;
			productName = FirebaseAnalytics;
		};
		E0829F0B2ACB04F200D0FA43 /* FirebaseAnalyticsOnDeviceConversion */ = {
			isa = XCSwiftPackageProductDependency;
			package = E0829F082ACB04F200D0FA43 /* XCRemoteSwiftPackageReference "firebase-ios-sdk" */;
			productName = FirebaseAnalyticsOnDeviceConversion;
		};
		E0829F0D2ACB04F200D0FA43 /* FirebaseAnalyticsSwift */ = {
			isa = XCSwiftPackageProductDependency;
			package = E0829F082ACB04F200D0FA43 /* XCRemoteSwiftPackageReference "firebase-ios-sdk" */;
			productName = FirebaseAnalyticsSwift;
		};
		E0829F0F2ACB04F200D0FA43 /* FirebaseAnalyticsWithoutAdIdSupport */ = {
			isa = XCSwiftPackageProductDependency;
			package = E0829F082ACB04F200D0FA43 /* XCRemoteSwiftPackageReference "firebase-ios-sdk" */;
			productName = FirebaseAnalyticsWithoutAdIdSupport;
		};
		E0829F112ACB04F200D0FA43 /* FirebaseAppCheck */ = {
			isa = XCSwiftPackageProductDependency;
			package = E0829F082ACB04F200D0FA43 /* XCRemoteSwiftPackageReference "firebase-ios-sdk" */;
			productName = FirebaseAppCheck;
		};
		E0829F132ACB04F200D0FA43 /* FirebaseAppDistribution-Beta */ = {
			isa = XCSwiftPackageProductDependency;
			package = E0829F082ACB04F200D0FA43 /* XCRemoteSwiftPackageReference "firebase-ios-sdk" */;
			productName = "FirebaseAppDistribution-Beta";
		};
		E0829F152ACB04F200D0FA43 /* FirebaseAuth */ = {
			isa = XCSwiftPackageProductDependency;
			package = E0829F082ACB04F200D0FA43 /* XCRemoteSwiftPackageReference "firebase-ios-sdk" */;
			productName = FirebaseAuth;
		};
		E0829F172ACB04F200D0FA43 /* FirebaseAuthCombine-Community */ = {
			isa = XCSwiftPackageProductDependency;
			package = E0829F082ACB04F200D0FA43 /* XCRemoteSwiftPackageReference "firebase-ios-sdk" */;
			productName = "FirebaseAuthCombine-Community";
		};
		E0829F192ACB04F200D0FA43 /* FirebaseCrashlytics */ = {
			isa = XCSwiftPackageProductDependency;
			package = E0829F082ACB04F200D0FA43 /* XCRemoteSwiftPackageReference "firebase-ios-sdk" */;
			productName = FirebaseCrashlytics;
		};
		E0829F1B2ACB04F200D0FA43 /* FirebaseDatabase */ = {
			isa = XCSwiftPackageProductDependency;
			package = E0829F082ACB04F200D0FA43 /* XCRemoteSwiftPackageReference "firebase-ios-sdk" */;
			productName = FirebaseDatabase;
		};
		E0829F1D2ACB04F200D0FA43 /* FirebaseDatabaseSwift */ = {
			isa = XCSwiftPackageProductDependency;
			package = E0829F082ACB04F200D0FA43 /* XCRemoteSwiftPackageReference "firebase-ios-sdk" */;
			productName = FirebaseDatabaseSwift;
		};
		E0829F1F2ACB04F200D0FA43 /* FirebaseDynamicLinks */ = {
			isa = XCSwiftPackageProductDependency;
			package = E0829F082ACB04F200D0FA43 /* XCRemoteSwiftPackageReference "firebase-ios-sdk" */;
			productName = FirebaseDynamicLinks;
		};
		E0829F212ACB04F200D0FA43 /* FirebaseFirestore */ = {
			isa = XCSwiftPackageProductDependency;
			package = E0829F082ACB04F200D0FA43 /* XCRemoteSwiftPackageReference "firebase-ios-sdk" */;
			productName = FirebaseFirestore;
		};
		E0829F232ACB04F200D0FA43 /* FirebaseFirestoreCombine-Community */ = {
			isa = XCSwiftPackageProductDependency;
			package = E0829F082ACB04F200D0FA43 /* XCRemoteSwiftPackageReference "firebase-ios-sdk" */;
			productName = "FirebaseFirestoreCombine-Community";
		};
		E0829F252ACB04F200D0FA43 /* FirebaseFirestoreSwift */ = {
			isa = XCSwiftPackageProductDependency;
			package = E0829F082ACB04F200D0FA43 /* XCRemoteSwiftPackageReference "firebase-ios-sdk" */;
			productName = FirebaseFirestoreSwift;
		};
		E0829F272ACB04F200D0FA43 /* FirebaseFunctions */ = {
			isa = XCSwiftPackageProductDependency;
			package = E0829F082ACB04F200D0FA43 /* XCRemoteSwiftPackageReference "firebase-ios-sdk" */;
			productName = FirebaseFunctions;
		};
		E0829F292ACB04F200D0FA43 /* FirebaseFunctionsCombine-Community */ = {
			isa = XCSwiftPackageProductDependency;
			package = E0829F082ACB04F200D0FA43 /* XCRemoteSwiftPackageReference "firebase-ios-sdk" */;
			productName = "FirebaseFunctionsCombine-Community";
		};
		E0829F2B2ACB04F200D0FA43 /* FirebaseInAppMessaging-Beta */ = {
			isa = XCSwiftPackageProductDependency;
			package = E0829F082ACB04F200D0FA43 /* XCRemoteSwiftPackageReference "firebase-ios-sdk" */;
			productName = "FirebaseInAppMessaging-Beta";
		};
		E0829F2D2ACB04F200D0FA43 /* FirebaseInAppMessagingSwift-Beta */ = {
			isa = XCSwiftPackageProductDependency;
			package = E0829F082ACB04F200D0FA43 /* XCRemoteSwiftPackageReference "firebase-ios-sdk" */;
			productName = "FirebaseInAppMessagingSwift-Beta";
		};
		E0829F2F2ACB04F200D0FA43 /* FirebaseInstallations */ = {
			isa = XCSwiftPackageProductDependency;
			package = E0829F082ACB04F200D0FA43 /* XCRemoteSwiftPackageReference "firebase-ios-sdk" */;
			productName = FirebaseInstallations;
		};
		E0829F312ACB04F200D0FA43 /* FirebaseMLModelDownloader */ = {
			isa = XCSwiftPackageProductDependency;
			package = E0829F082ACB04F200D0FA43 /* XCRemoteSwiftPackageReference "firebase-ios-sdk" */;
			productName = FirebaseMLModelDownloader;
		};
		E0829F332ACB04F200D0FA43 /* FirebaseMessaging */ = {
			isa = XCSwiftPackageProductDependency;
			package = E0829F082ACB04F200D0FA43 /* XCRemoteSwiftPackageReference "firebase-ios-sdk" */;
			productName = FirebaseMessaging;
		};
		E0829F352ACB04F200D0FA43 /* FirebasePerformance */ = {
			isa = XCSwiftPackageProductDependency;
			package = E0829F082ACB04F200D0FA43 /* XCRemoteSwiftPackageReference "firebase-ios-sdk" */;
			productName = FirebasePerformance;
		};
		E0829F372ACB04F200D0FA43 /* FirebaseRemoteConfig */ = {
			isa = XCSwiftPackageProductDependency;
			package = E0829F082ACB04F200D0FA43 /* XCRemoteSwiftPackageReference "firebase-ios-sdk" */;
			productName = FirebaseRemoteConfig;
		};
		E0829F392ACB04F200D0FA43 /* FirebaseRemoteConfigSwift */ = {
			isa = XCSwiftPackageProductDependency;
			package = E0829F082ACB04F200D0FA43 /* XCRemoteSwiftPackageReference "firebase-ios-sdk" */;
			productName = FirebaseRemoteConfigSwift;
		};
		E0829F3B2ACB04F200D0FA43 /* FirebaseStorage */ = {
			isa = XCSwiftPackageProductDependency;
			package = E0829F082ACB04F200D0FA43 /* XCRemoteSwiftPackageReference "firebase-ios-sdk" */;
			productName = FirebaseStorage;
		};
		E0829F3D2ACB04F200D0FA43 /* FirebaseStorageCombine-Community */ = {
			isa = XCSwiftPackageProductDependency;
			package = E0829F082ACB04F200D0FA43 /* XCRemoteSwiftPackageReference "firebase-ios-sdk" */;
			productName = "FirebaseStorageCombine-Community";
		};
/* End XCSwiftPackageProductDependency section */
	};
	rootObject = E0FD2D3E2ABA6BF60007A195 /* Project object */;
}
